
Microsoft Visual Studio Solution File, Format Version 12.00
# Visual Studio Version 17
VisualStudioVersion = 17.3.32825.248
MinimumVisualStudioVersion = 10.0.40219.1
Project("{FAE04EC0-301F-11D3-BF4B-00C04F79EFBC}") = "GenHxHashList", "GenHxHashList.csproj", "{5089B368-AF71-40D8-AC2E-6688B266A20A}"
EndProject
Global
	GlobalSection(SolutionConfigurationPlatforms) = preSolution
		Debug|Any CPU = Debug|Any CPU
		Release|Any CPU = Release|Any CPU
	EndGlobalSection
	GlobalSection(ProjectConfigurationPlatforms) = postSolution
		{5089B368-AF71-40D8-AC2E-6688B266A20A}.Debug|Any CPU.ActiveCfg = Debug|Any CPU
		{5089B368-AF71-40D8-AC2E-6688B266A20A}.Debug|Any CPU.Build.0 = Debug|Any CPU
		{5089B368-AF71-40D8-AC2E-6688B266A20A}.Release|Any CPU.ActiveCfg = Release|Any CPU
		{5089B368-AF71-40D8-AC2E-6688B266A20A}.Release|Any CPU.Build.0 = Release|Any CPU
	EndGlobalSection
	GlobalSection(SolutionProperties) = preSolution
		HideSolutionNode = FALSE
	EndGlobalSection
	GlobalSection(ExtensibilityGlobals) = postSolution
		SolutionGuid = {A20E44AC-20FF-4A88-BCCE-9EE71D635C5D}
	EndGlobalSection
EndGlobal
